
Microsoft Visual Studio Solution File, Format Version 12.00
# Visual Studio Version 16
VisualStudioVersion = 16.0.30517.126
MinimumVisualStudioVersion = 10.0.40219.1
Project("{9A19103F-16F7-4668-BE54-9A1E7A4F7556}") = "ShoppingCartAppRepositoryLib", "ShoppingCartAppRepositoryLib\ShoppingCartAppRepositoryLib.csproj", "{B2EA568C-40EF-449B-BA21-1FCBFDC74420}"
EndProject
Project("{9A19103F-16F7-4668-BE54-9A1E7A4F7556}") = "ShoppingCartAppServiceLib", "ShoppingCartServiceLib\ShoppingCartAppServiceLib.csproj", "{7FC9BB7A-0881-424F-8394-6BC300A08697}"
EndProject
Global
	GlobalSection(SolutionConfigurationPlatforms) = preSolution
		Debug|Any CPU = Debug|Any CPU
		Release|Any CPU = Release|Any CPU
	EndGlobalSection
	GlobalSection(ProjectConfigurationPlatforms) = postSolution
		{B2EA568C-40EF-449B-BA21-1FCBFDC74420}.Debug|Any CPU.ActiveCfg = Debug|Any CPU
		{B2EA568C-40EF-449B-BA21-1FCBFDC74420}.Debug|Any CPU.Build.0 = Debug|Any CPU
		{B2EA568C-40EF-449B-BA21-1FCBFDC74420}.Release|Any CPU.ActiveCfg = Release|Any CPU
		{B2EA568C-40EF-449B-BA21-1FCBFDC74420}.Release|Any CPU.Build.0 = Release|Any CPU
		{7FC9BB7A-0881-424F-8394-6BC300A08697}.Debug|Any CPU.ActiveCfg = Debug|Any CPU
		{7FC9BB7A-0881-424F-8394-6BC300A08697}.Debug|Any CPU.Build.0 = Debug|Any CPU
		{7FC9BB7A-0881-424F-8394-6BC300A08697}.Release|Any CPU.ActiveCfg = Release|Any CPU
		{7FC9BB7A-0881-424F-8394-6BC300A08697}.Release|Any CPU.Build.0 = Release|Any CPU
	EndGlobalSection
	GlobalSection(SolutionProperties) = preSolution
		HideSolutionNode = FALSE
	EndGlobalSection
	GlobalSection(ExtensibilityGlobals) = postSolution
		SolutionGuid = {D205F0BE-A253-4E17-8B9C-CFF215D44D5A}
	EndGlobalSection
EndGlobal
